Microsoft Visual Studio Solution File, Format Version 12.00
# Visual Studio Version 17
VisualStudioVersion = 17.5.2.0
MinimumVisualStudioVersion = 10.0.40219.1
Project("{FAE04EC0-301F-11D3-BF4B-00C04F79EFBC}") = "ejercicio_4", "ejercicio\ejercicio_4.csproj", "{12FBEE93-2FC8-B1E8-9F15-C1E5777495C8}"
EndProject
Global
	GlobalSection(SolutionConfigurationPlatforms) = preSolution
		Debug|Any CPU = Debug|Any CPU
		Release|Any CPU = Release|Any CPU
	EndGlobalSection
	GlobalSection(ProjectConfigurationPlatforms) = postSolution
		{12FBEE93-2FC8-B1E8-9F15-C1E5777495C8}.Debug|Any CPU.ActiveCfg = Debug|Any CPU
		{12FBEE93-2FC8-B1E8-9F15-C1E5777495C8}.Debug|Any CPU.Build.0 = Debug|Any CPU
		{12FBEE93-2FC8-B1E8-9F15-C1E5777495C8}.Release|Any CPU.ActiveCfg = Release|Any CPU
		{12FBEE93-2FC8-B1E8-9F15-C1E5777495C8}.Release|Any CPU.Build.0 = Release|Any CPU
	EndGlobalSection
	GlobalSection(SolutionProperties) = preSolution
		HideSolutionNode = FALSE
	EndGlobalSection
	GlobalSection(ExtensibilityGlobals) = postSolution
		SolutionGuid = {E48C8099-CA5E-4992-9EBC-68165B9AA048}
	EndGlobalSection
EndGlobal
